
Microsoft Visual Studio Solution File, Format Version 12.00
# Visual Studio 15
VisualStudioVersion = 15.0.28010.2046
MinimumVisualStudioVersion = 10.0.40219.1
Project("{FAE04EC0-301F-11D3-BF4B-00C04F79EFBC}") = "Vidly2", "Vidly2\Vidly2.csproj", "{7AEF5721-EDC0-4C23-AE98-A8B27A07022F}"
EndProject
Global
	GlobalSection(SolutionConfigurationPlatforms) = preSolution
		Debug|Any CPU = Debug|Any CPU
		Release|Any CPU = Release|Any CPU
	EndGlobalSection
	GlobalSection(ProjectConfigurationPlatforms) = postSolution
		{7AEF5721-EDC0-4C23-AE98-A8B27A07022F}.Debug|Any CPU.ActiveCfg = Debug|Any CPU
		{7AEF5721-EDC0-4C23-AE98-A8B27A07022F}.Debug|Any CPU.Build.0 = Debug|Any CPU
		{7AEF5721-EDC0-4C23-AE98-A8B27A07022F}.Release|Any CPU.ActiveCfg = Release|Any CPU
		{7AEF5721-EDC0-4C23-AE98-A8B27A07022F}.Release|Any CPU.Build.0 = Release|Any CPU
	EndGlobalSection
	GlobalSection(SolutionProperties) = preSolution
		HideSolutionNode = FALSE
	EndGlobalSection
	GlobalSection(ExtensibilityGlobals) = postSolution
		SolutionGuid = {D6C03AF5-3485-48FF-84C0-A7206196CD6E}
	EndGlobalSection
EndGlobal
